PODS:
  - Kingfisher (7.7.0)
  - SwiftLint (0.52.2)

DEPENDENCIES:
  - Kingfisher
  - SwiftLint

SPEC REPOS:
  trunk:
    - Kingfisher
    - SwiftLint

SPEC CHECKSUMS:
  Kingfisher: f043ac666dfc96c1f37604f93effb45a7ee3a3e1
  SwiftLint: 1ac76dac888ca05cb0cf24d0c85887ec1209961d

PODFILE CHECKSUM: c430a601cde14ba16892d62d20b9d9f77bdbd26d

COCOAPODS: 1.11.3
