// !$*UTF8*$!
{
	archiveVersion = 1;
	classes = {
	};
	objectVersion = 56;
	objects = {

/* Begin PBXBuildFile section */
		04FEC1CCC59EBBBDBF61D18C /* Pods_KinoPoisk.framework in Frameworks */ = {isa = PBXBuildFile; fileRef = D1DA003CF6A96270933BB6FC /* Pods_KinoPoisk.framework */; };
		E7B5768829E47EBD00F01FA8 /* AppDelegate.swift in Sources */ = {isa = PBXBuildFile; fileRef = E7B5768729E47EBD00F01FA8 /* AppDelegate.swift */; };
		E7B5768A29E47EBD00F01FA8 /* SceneDelegate.swift in Sources */ = {isa = PBXBuildFile; fileRef = E7B5768929E47EBD00F01FA8 /* SceneDelegate.swift */; };
		E7B5768C29E47EBD00F01FA8 /* MainTableViewController.swift in Sources */ = {isa = PBXBuildFile; fileRef = E7B5768B29E47EBD00F01FA8 /* MainTableViewController.swift */; };
		E7B5768F29E47EBD00F01FA8 /* Main.storyboard in Resources */ = {isa = PBXBuildFile; fileRef = E7B5768D29E47EBD00F01FA8 /* Main.storyboard */; };
		E7B5769129E47EBE00F01FA8 /* Assets.xcassets in Resources */ = {isa = PBXBuildFile; fileRef = E7B5769029E47EBE00F01FA8 /* Assets.xcassets */; };
		E7B5769429E47EBE00F01FA8 /* LaunchScreen.storyboard in Resources */ = {isa = PBXBuildFile; fileRef = E7B5769229E47EBE00F01FA8 /* LaunchScreen.storyboard */; };
		E7B576A429EDE14900F01FA8 /* MainTabBarController.swift in Sources */ = {isa = PBXBuildFile; fileRef = E7B576A329EDE14900F01FA8 /* MainTabBarController.swift */; };
		E7B576A929EDE3D200F01FA8 /* CollectionView.swift in Sources */ = {isa = PBXBuildFile; fileRef = E7B576A829EDE3D200F01FA8 /* CollectionView.swift */; };
		E7B576E429FE64A600F01FA8 /* Movies.swift in Sources */ = {isa = PBXBuildFile; fileRef = E7B576E329FE64A600F01FA8 /* Movies.swift */; };
		E7B576E629FE6D1A00F01FA8 /* TableViewPresenter.swift in Sources */ = {isa = PBXBuildFile; fileRef = E7B576E529FE6D1A00F01FA8 /* TableViewPresenter.swift */; };
		E7B576EC29FE6EEE00F01FA8 /* TableViewCell.swift in Sources */ = {isa = PBXBuildFile; fileRef = E7B576EB29FE6EEE00F01FA8 /* TableViewCell.swift */; };
		E7B576F429FFA90000F01FA8 /* NetworkService.swift in Sources */ = {isa = PBXBuildFile; fileRef = E7B576F329FFA90000F01FA8 /* NetworkService.swift */; };
		E7B577042A042A5C00F01FA8 /* ErrorResponse.swift in Sources */ = {isa = PBXBuildFile; fileRef = E7B577032A042A5C00F01FA8 /* ErrorResponse.swift */; };
/* End PBXBuildFile section */

/* Begin PBXFileReference section */
		3B7A70221DAD5E86E9EF0066 /* Pods-KinoPoisk.debug.xcconfig */ = {isa = PBXFileReference; includeInIndex = 1; lastKnownFileType = text.xcconfig; name = "Pods-KinoPoisk.debug.xcconfig"; path = "Target Support Files/Pods-KinoPoisk/Pods-KinoPoisk.debug.xcconfig"; sourceTree = "<group>"; };
		78991D5A23074CBB3512008E /* Pods-KinoPoisk.release.xcconfig */ = {isa = PBXFileReference; includeInIndex = 1; lastKnownFileType = text.xcconfig; name = "Pods-KinoPoisk.release.xcconfig"; path = "Target Support Files/Pods-KinoPoisk/Pods-KinoPoisk.release.xcconfig"; sourceTree = "<group>"; };
		D1DA003CF6A96270933BB6FC /* Pods_KinoPoisk.framework */ = {isa = PBXFileReference; explicitFileType = wrapper.framework; includeInIndex = 0; path = Pods_KinoPoisk.framework; sourceTree = BUILT_PRODUCTS_DIR; };
		E7B5768429E47EBD00F01FA8 /* KinoPoisk.app */ = {isa = PBXFileReference; explicitFileType = wrapper.application; includeInIndex = 0; path = KinoPoisk.app; sourceTree = BUILT_PRODUCTS_DIR; };
		E7B5768729E47EBD00F01FA8 /* AppDelegate.swift */ = {isa = PBXFileReference; lastKnownFileType = sourcecode.swift; path = AppDelegate.swift; sourceTree = "<group>"; };
		E7B5768929E47EBD00F01FA8 /* SceneDelegate.swift */ = {isa = PBXFileReference; lastKnownFileType = sourcecode.swift; path = SceneDelegate.swift; sourceTree = "<group>"; };
		E7B5768B29E47EBD00F01FA8 /* MainTableViewController.swift */ = {isa = PBXFileReference; lastKnownFileType = sourcecode.swift; path = MainTableViewController.swift; sourceTree = "<group>"; };
		E7B5768E29E47EBD00F01FA8 /* Base */ = {isa = PBXFileReference; lastKnownFileType = file.storyboard; name = Base; path = Base.lproj/Main.storyboard; sourceTree = "<group>"; };
		E7B5769029E47EBE00F01FA8 /* Assets.xcassets */ = {isa = PBXFileReference; lastKnownFileType = folder.assetcatalog; path = Assets.xcassets; sourceTree = "<group>"; };
		E7B5769329E47EBE00F01FA8 /* Base */ = {isa = PBXFileReference; lastKnownFileType = file.storyboard; name = Base; path = Base.lproj/LaunchScreen.storyboard; sourceTree = "<group>"; };
		E7B5769529E47EBE00F01FA8 /* Info.plist */ = {isa = PBXFileReference; lastKnownFileType = text.plist.xml; path = Info.plist; sourceTree = "<group>"; };
		E7B5769F29EDDE5300F01FA8 /* .swiftlint.yml */ = {isa = PBXFileReference; lastKnownFileType = text.yaml; path = .swiftlint.yml; sourceTree = "<group>"; };
		E7B576A329EDE14900F01FA8 /* MainTabBarController.swift */ = {isa = PBXFileReference; lastKnownFileType = sourcecode.swift; path = MainTabBarController.swift; sourceTree = "<group>"; };
		E7B576A829EDE3D200F01FA8 /* CollectionView.swift */ = {isa = PBXFileReference; lastKnownFileType = sourcecode.swift; path = CollectionView.swift; sourceTree = "<group>"; };
		E7B576E329FE64A600F01FA8 /* Movies.swift */ = {isa = PBXFileReference; lastKnownFileType = sourcecode.swift; path = Movies.swift; sourceTree = "<group>"; };
		E7B576E529FE6D1A00F01FA8 /* TableViewPresenter.swift */ = {isa = PBXFileReference; lastKnownFileType = sourcecode.swift; path = TableViewPresenter.swift; sourceTree = "<group>"; };
		E7B576EB29FE6EEE00F01FA8 /* TableViewCell.swift */ = {isa = PBXFileReference; lastKnownFileType = sourcecode.swift; path = TableViewCell.swift; sourceTree = "<group>"; };
		E7B576F329FFA90000F01FA8 /* NetworkService.swift */ = {isa = PBXFileReference; lastKnownFileType = sourcecode.swift; path = NetworkService.swift; sourceTree = "<group>"; };
		E7B577032A042A5C00F01FA8 /* ErrorResponse.swift */ = {isa = PBXFileReference; lastKnownFileType = sourcecode.swift; path = ErrorResponse.swift; sourceTree = "<group>"; };
/* End PBXFileReference section */

/* Begin PBXFrameworksBuildPhase section */
		E7B5768129E47EBD00F01FA8 /* Frameworks */ = {
			isa = PBXFrameworksBuildPhase;
			buildActionMask = 2147483647;
			files = (
				04FEC1CCC59EBBBDBF61D18C /* Pods_KinoPoisk.framework in Frameworks */,
			);
			runOnlyForDeploymentPostprocessing = 0;
		};
/* End PBXFrameworksBuildPhase section */

/* Begin PBXGroup section */
		08B0E4BB24FA36EBE506C2D6 /* Pods */ = {
			isa = PBXGroup;
			children = (
				3B7A70221DAD5E86E9EF0066 /* Pods-KinoPoisk.debug.xcconfig */,
				78991D5A23074CBB3512008E /* Pods-KinoPoisk.release.xcconfig */,
			);
			path = Pods;
			sourceTree = "<group>";
		};
		25317C604544A05D3738EA55 /* Frameworks */ = {
			isa = PBXGroup;
			children = (
				D1DA003CF6A96270933BB6FC /* Pods_KinoPoisk.framework */,
			);
			name = Frameworks;
			sourceTree = "<group>";
		};
		E7B5767B29E47EBD00F01FA8 = {
			isa = PBXGroup;
			children = (
				E7B5768629E47EBD00F01FA8 /* KinoPoisk */,
				E7B5768529E47EBD00F01FA8 /* Products */,
				08B0E4BB24FA36EBE506C2D6 /* Pods */,
				25317C604544A05D3738EA55 /* Frameworks */,
			);
			sourceTree = "<group>";
		};
		E7B5768529E47EBD00F01FA8 /* Products */ = {
			isa = PBXGroup;
			children = (
				E7B5768429E47EBD00F01FA8 /* KinoPoisk.app */,
			);
			name = Products;
			sourceTree = "<group>";
		};
		E7B5768629E47EBD00F01FA8 /* KinoPoisk */ = {
			isa = PBXGroup;
			children = (
				E7B5769C29EDD9B100F01FA8 /* App */,
				E7B576F029FFA6C500F01FA8 /* NetworkService */,
				E7B576A529EDE38C00F01FA8 /* Modules */,
				E7B576E729FE6D4600F01FA8 /* UI */,
				E7B5769F29EDDE5300F01FA8 /* .swiftlint.yml */,
			);
			path = KinoPoisk;
			sourceTree = "<group>";
		};
		E7B5769C29EDD9B100F01FA8 /* App */ = {
			isa = PBXGroup;
			children = (
				E7B5768729E47EBD00F01FA8 /* AppDelegate.swift */,
				E7B5768929E47EBD00F01FA8 /* SceneDelegate.swift */,
				E7B5769029E47EBE00F01FA8 /* Assets.xcassets */,
				E7B5768D29E47EBD00F01FA8 /* Main.storyboard */,
				E7B5769229E47EBE00F01FA8 /* LaunchScreen.storyboard */,
				E7B5769529E47EBE00F01FA8 /* Info.plist */,
			);
			path = App;
			sourceTree = "<group>";
		};
		E7B5769D29EDDB1F00F01FA8 /* TableViewModule */ = {
			isa = PBXGroup;
			children = (
				E7B576E929FE6E6C00F01FA8 /* MainTableView */,
				E7B576EA29FE6E7900F01FA8 /* DetailTableView */,
			);
			path = TableViewModule;
			sourceTree = "<group>";
		};
		E7B5769E29EDDC2E00F01FA8 /* CollectionViewModule */ = {
			isa = PBXGroup;
			children = (
				E7B576A729EDE3B800F01FA8 /* View */,
				E7B576A629EDE3B200F01FA8 /* Presenter */,
			);
			path = CollectionViewModule;
			sourceTree = "<group>";
		};
		E7B576A029EDDF3D00F01FA8 /* Model */ = {
			isa = PBXGroup;
			children = (
				E7B576E329FE64A600F01FA8 /* Movies.swift */,
			);
			path = Model;
			sourceTree = "<group>";
		};
		E7B576A129EDDF4300F01FA8 /* View */ = {
			isa = PBXGroup;
			children = (
				E7B5768B29E47EBD00F01FA8 /* MainTableViewController.swift */,
				E7B576EB29FE6EEE00F01FA8 /* TableViewCell.swift */,
			);
			path = View;
			sourceTree = "<group>";
		};
		E7B576A229EDDF4900F01FA8 /* Presenter */ = {
			isa = PBXGroup;
			children = (
				E7B576E529FE6D1A00F01FA8 /* TableViewPresenter.swift */,
			);
			path = Presenter;
			sourceTree = "<group>";
		};
		E7B576A529EDE38C00F01FA8 /* Modules */ = {
			isa = PBXGroup;
			children = (
				E7B5769D29EDDB1F00F01FA8 /* TableViewModule */,
				E7B5769E29EDDC2E00F01FA8 /* CollectionViewModule */,
			);
			path = Modules;
			sourceTree = "<group>";
		};
		E7B576A629EDE3B200F01FA8 /* Presenter */ = {
			isa = PBXGroup;
			children = (
			);
			path = Presenter;
			sourceTree = "<group>";
		};
		E7B576A729EDE3B800F01FA8 /* View */ = {
			isa = PBXGroup;
			children = (
				E7B576A829EDE3D200F01FA8 /* CollectionView.swift */,
			);
			path = View;
			sourceTree = "<group>";
		};
		E7B576E729FE6D4600F01FA8 /* UI */ = {
			isa = PBXGroup;
			children = (
				E7B576A329EDE14900F01FA8 /* MainTabBarController.swift */,
			);
			path = UI;
			sourceTree = "<group>";
		};
		E7B576E929FE6E6C00F01FA8 /* MainTableView */ = {
			isa = PBXGroup;
			children = (
				E7B576A029EDDF3D00F01FA8 /* Model */,
				E7B576A129EDDF4300F01FA8 /* View */,
				E7B576A229EDDF4900F01FA8 /* Presenter */,
			);
			path = MainTableView;
			sourceTree = "<group>";
		};
		E7B576EA29FE6E7900F01FA8 /* DetailTableView */ = {
			isa = PBXGroup;
			children = (
				E7B576EE29FFA48500F01FA8 /* Presenter */,
				E7B576ED29FFA47E00F01FA8 /* View */,
			);
			path = DetailTableView;
			sourceTree = "<group>";
		};
		E7B576ED29FFA47E00F01FA8 /* View */ = {
			isa = PBXGroup;
			children = (
			);
			path = View;
			sourceTree = "<group>";
		};
		E7B576EE29FFA48500F01FA8 /* Presenter */ = {
			isa = PBXGroup;
			children = (
			);
			path = Presenter;
			sourceTree = "<group>";
		};
		E7B576F029FFA6C500F01FA8 /* NetworkService */ = {
			isa = PBXGroup;
			children = (
				E7B576F329FFA90000F01FA8 /* NetworkService.swift */,
				E7B577032A042A5C00F01FA8 /* ErrorResponse.swift */,
			);
			path = NetworkService;
			sourceTree = "<group>";
		};
/* End PBXGroup section */

/* Begin PBXNativeTarget section */
		E7B5768329E47EBD00F01FA8 /* KinoPoisk */ = {
			isa = PBXNativeTarget;
			buildConfigurationList = E7B5769829E47EBE00F01FA8 /* Build configuration list for PBXNativeTarget "KinoPoisk" */;
			buildPhases = (
				0F88DD68D82EF2464CFBD11D /* [CP] Check Pods Manifest.lock */,
				E7B5768029E47EBD00F01FA8 /* Sources */,
				E7B5768129E47EBD00F01FA8 /* Frameworks */,
				E7B5768229E47EBD00F01FA8 /* Resources */,
				E7B5769B29EDD85F00F01FA8 /* SwiftLint */,
			);
			buildRules = (
			);
			dependencies = (
			);
			name = KinoPoisk;
			productName = KinoPoisk;
			productReference = E7B5768429E47EBD00F01FA8 /* KinoPoisk.app */;
			productType = "com.apple.product-type.application";
		};
/* End PBXNativeTarget section */

/* Begin PBXProject section */
		E7B5767C29E47EBD00F01FA8 /* Project object */ = {
			isa = PBXProject;
			attributes = {
				BuildIndependentTargetsInParallel = 1;
				LastSwiftUpdateCheck = 1430;
				LastUpgradeCheck = 1430;
				TargetAttributes = {
					E7B5768329E47EBD00F01FA8 = {
						CreatedOnToolsVersion = 14.3;
					};
				};
			};
			buildConfigurationList = E7B5767F29E47EBD00F01FA8 /* Build configuration list for PBXProject "KinoPoisk" */;
			compatibilityVersion = "Xcode 14.0";
			developmentRegion = en;
			hasScannedForEncodings = 0;
			knownRegions = (
				en,
				Base,
			);
			mainGroup = E7B5767B29E47EBD00F01FA8;
			productRefGroup = E7B5768529E47EBD00F01FA8 /* Products */;
			projectDirPath = "";
			projectRoot = "";
			targets = (
				E7B5768329E47EBD00F01FA8 /* KinoPoisk */,
			);
		};
/* End PBXProject section */

/* Begin PBXResourcesBuildPhase section */
		E7B5768229E47EBD00F01FA8 /* Resources */ = {
			isa = PBXResourcesBuildPhase;
			buildActionMask = 2147483647;
			files = (
				E7B5769429E47EBE00F01FA8 /* LaunchScreen.storyboard in Resources */,
				E7B5769129E47EBE00F01FA8 /* Assets.xcassets in Resources */,
				E7B5768F29E47EBD00F01FA8 /* Main.storyboard in Resources */,
			);
			runOnlyForDeploymentPostprocessing = 0;
		};
/* End PBXResourcesBuildPhase section */

/* Begin PBXShellScriptBuildPhase section */
		0F88DD68D82EF2464CFBD11D /* [CP] Check Pods Manifest.lock */ = {
			isa = PBXShellScriptBuildPhase;
			buildActionMask = 2147483647;
			files = (
			);
			inputFileListPaths = (
			);
			inputPaths = (
				"${PODS_PODFILE_DIR_PATH}/Podfile.lock",
				"${PODS_ROOT}/Manifest.lock",
			);
			name = "[CP] Check Pods Manifest.lock";
			outputFileListPaths = (
			);
			outputPaths = (
				"$(DERIVED_FILE_DIR)/Pods-KinoPoisk-checkManifestLockResult.txt",
			);
			runOnlyForDeploymentPostprocessing = 0;
			shellPath = /bin/sh;
			shellScript = "diff \"${PODS_PODFILE_DIR_PATH}/Podfile.lock\" \"${PODS_ROOT}/Manifest.lock\" > /dev/null\nif [ $? != 0 ] ; then\n    # print error to STDERR\n    echo \"error: The sandbox is not in sync with the Podfile.lock. Run 'pod install' or update your CocoaPods installation.\" >&2\n    exit 1\nfi\n# This output is used by Xcode 'outputs' to avoid re-running this script phase.\necho \"SUCCESS\" > \"${SCRIPT_OUTPUT_FILE_0}\"\n";
			showEnvVarsInLog = 0;
		};
		E7B5769B29EDD85F00F01FA8 /* SwiftLint */ = {
			isa = PBXShellScriptBuildPhase;
			alwaysOutOfDate = 1;
			buildActionMask = 2147483647;
			files = (
			);
			inputFileListPaths = (
			);
			inputPaths = (
			);
			name = SwiftLint;
			outputFileListPaths = (
			);
			outputPaths = (
			);
			runOnlyForDeploymentPostprocessing = 0;
			shellPath = /bin/sh;
			shellScript = "if which swiftlint > /dev/null; then\n  swiftlint\nelse\n  echo \"warning: SwiftLint not installed, download from https://github.com/realm/SwiftLint\"\nfi\n";
		};
/* End PBXShellScriptBuildPhase section */

/* Begin PBXSourcesBuildPhase section */
		E7B5768029E47EBD00F01FA8 /* Sources */ = {
			isa = PBXSourcesBuildPhase;
			buildActionMask = 2147483647;
			files = (
				E7B576F429FFA90000F01FA8 /* NetworkService.swift in Sources */,
				E7B5768C29E47EBD00F01FA8 /* MainTableViewController.swift in Sources */,
				E7B576EC29FE6EEE00F01FA8 /* TableViewCell.swift in Sources */,
				E7B576A929EDE3D200F01FA8 /* CollectionView.swift in Sources */,
				E7B5768829E47EBD00F01FA8 /* AppDelegate.swift in Sources */,
				E7B577042A042A5C00F01FA8 /* ErrorResponse.swift in Sources */,
				E7B576E429FE64A600F01FA8 /* Movies.swift in Sources */,
				E7B576A429EDE14900F01FA8 /* MainTabBarController.swift in Sources */,
				E7B5768A29E47EBD00F01FA8 /* SceneDelegate.swift in Sources */,
				E7B576E629FE6D1A00F01FA8 /* TableViewPresenter.swift in Sources */,
			);
			runOnlyForDeploymentPostprocessing = 0;
		};
/* End PBXSourcesBuildPhase section */

/* Begin PBXVariantGroup section */
		E7B5768D29E47EBD00F01FA8 /* Main.storyboard */ = {
			isa = PBXVariantGroup;
			children = (
				E7B5768E29E47EBD00F01FA8 /* Base */,
			);
			name = Main.storyboard;
			sourceTree = "<group>";
		};
		E7B5769229E47EBE00F01FA8 /* LaunchScreen.storyboard */ = {
			isa = PBXVariantGroup;
			children = (
				E7B5769329E47EBE00F01FA8 /* Base */,
			);
			name = LaunchScreen.storyboard;
			sourceTree = "<group>";
		};
/* End PBXVariantGroup section */

/* Begin XCBuildConfiguration section */
		E7B5769629E47EBE00F01FA8 /* Debug */ = {
			isa = XCBuildConfiguration;
			buildSettings = {
				ALWAYS_SEARCH_USER_PATHS = NO;
				CLANG_ANALYZER_NONNULL = YES;
				CLANG_ANALYZER_NUMBER_OBJECT_CONVERSION = YES_AGGRESSIVE;
				CLANG_CXX_LANGUAGE_STANDARD = "gnu++20";
				CLANG_ENABLE_MODULES = YES;
				CLANG_ENABLE_OBJC_ARC = YES;
				CLANG_ENABLE_OBJC_WEAK = YES;
				CLANG_WARN_BLOCK_CAPTURE_AUTORELEASING = YES;
				CLANG_WARN_BOOL_CONVERSION = YES;
				CLANG_WARN_COMMA = YES;
				CLANG_WARN_CONSTANT_CONVERSION = YES;
				CLANG_WARN_DEPRECATED_OBJC_IMPLEMENTATIONS = YES;
				CLANG_WARN_DIRECT_OBJC_ISA_USAGE = YES_ERROR;
				CLANG_WARN_DOCUMENTATION_COMMENTS = YES;
				CLANG_WARN_EMPTY_BODY = YES;
				CLANG_WARN_ENUM_CONVERSION = YES;
				CLANG_WARN_INFINITE_RECURSION = YES;
				CLANG_WARN_INT_CONVERSION = YES;
				CLANG_WARN_NON_LITERAL_NULL_CONVERSION = YES;
				CLANG_WARN_OBJC_IMPLICIT_RETAIN_SELF = YES;
				CLANG_WARN_OBJC_LITERAL_CONVERSION = YES;
				CLANG_WARN_OBJC_ROOT_CLASS = YES_ERROR;
				CLANG_WARN_QUOTED_INCLUDE_IN_FRAMEWORK_HEADER = YES;
				CLANG_WARN_RANGE_LOOP_ANALYSIS = YES;
				CLANG_WARN_STRICT_PROTOTYPES = YES;
				CLANG_WARN_SUSPICIOUS_MOVE = YES;
				CLANG_WARN_UNGUARDED_AVAILABILITY = YES_AGGRESSIVE;
				CLANG_WARN_UNREACHABLE_CODE = YES;
				CLANG_WARN__DUPLICATE_METHOD_MATCH = YES;
				COPY_PHASE_STRIP = NO;
				DEBUG_INFORMATION_FORMAT = dwarf;
				ENABLE_STRICT_OBJC_MSGSEND = YES;
				ENABLE_TESTABILITY = YES;
				GCC_C_LANGUAGE_STANDARD = gnu11;
				GCC_DYNAMIC_NO_PIC = NO;
				GCC_NO_COMMON_BLOCKS = YES;
				GCC_OPTIMIZATION_LEVEL = 0;
				GCC_PREPROCESSOR_DEFINITIONS = (
					"DEBUG=1",
					"$(inherited)",
				);
				GCC_WARN_64_TO_32_BIT_CONVERSION = YES;
				GCC_WARN_ABOUT_RETURN_TYPE = YES_ERROR;
				GCC_WARN_UNDECLARED_SELECTOR = YES;
				GCC_WARN_UNINITIALIZED_AUTOS = YES_AGGRESSIVE;
				GCC_WARN_UNUSED_FUNCTION = YES;
				GCC_WARN_UNUSED_VARIABLE = YES;
				IPHONEOS_DEPLOYMENT_TARGET = 14.0;
				MTL_ENABLE_DEBUG_INFO = INCLUDE_SOURCE;
				MTL_FAST_MATH = YES;
				ONLY_ACTIVE_ARCH = YES;
				SDKROOT = iphoneos;
				SWIFT_ACTIVE_COMPILATION_CONDITIONS = DEBUG;
				SWIFT_OPTIMIZATION_LEVEL = "-Onone";
			};
			name = Debug;
		};
		E7B5769729E47EBE00F01FA8 /* Release */ = {
			isa = XCBuildConfiguration;
			buildSettings = {
				ALWAYS_SEARCH_USER_PATHS = NO;
				CLANG_ANALYZER_NONNULL = YES;
				CLANG_ANALYZER_NUMBER_OBJECT_CONVERSION = YES_AGGRESSIVE;
				CLANG_CXX_LANGUAGE_STANDARD = "gnu++20";
				CLANG_ENABLE_MODULES = YES;
				CLANG_ENABLE_OBJC_ARC = YES;
				CLANG_ENABLE_OBJC_WEAK = YES;
				CLANG_WARN_BLOCK_CAPTURE_AUTORELEASING = YES;
				CLANG_WARN_BOOL_CONVERSION = YES;
				CLANG_WARN_COMMA = YES;
				CLANG_WARN_CONSTANT_CONVERSION = YES;
				CLANG_WARN_DEPRECATED_OBJC_IMPLEMENTATIONS = YES;
				CLANG_WARN_DIRECT_OBJC_ISA_USAGE = YES_ERROR;
				CLANG_WARN_DOCUMENTATION_COMMENTS = YES;
				CLANG_WARN_EMPTY_BODY = YES;
				CLANG_WARN_ENUM_CONVERSION = YES;
				CLANG_WARN_INFINITE_RECURSION = YES;
				CLANG_WARN_INT_CONVERSION = YES;
				CLANG_WARN_NON_LITERAL_NULL_CONVERSION = YES;
				CLANG_WARN_OBJC_IMPLICIT_RETAIN_SELF = YES;
				CLANG_WARN_OBJC_LITERAL_CONVERSION = YES;
				CLANG_WARN_OBJC_ROOT_CLASS = YES_ERROR;
				CLANG_WARN_QUOTED_INCLUDE_IN_FRAMEWORK_HEADER = YES;
				CLANG_WARN_RANGE_LOOP_ANALYSIS = YES;
				CLANG_WARN_STRICT_PROTOTYPES = YES;
				CLANG_WARN_SUSPICIOUS_MOVE = YES;
				CLANG_WARN_UNGUARDED_AVAILABILITY = YES_AGGRESSIVE;
				CLANG_WARN_UNREACHABLE_CODE = YES;
				CLANG_WARN__DUPLICATE_METHOD_MATCH = YES;
				COPY_PHASE_STRIP = NO;
				DEBUG_INFORMATION_FORMAT = "dwarf-with-dsym";
				ENABLE_NS_ASSERTIONS = NO;
				ENABLE_STRICT_OBJC_MSGSEND = YES;
				GCC_C_LANGUAGE_STANDARD = gnu11;
				GCC_NO_COMMON_BLOCKS = YES;
				GCC_WARN_64_TO_32_BIT_CONVERSION = YES;
				GCC_WARN_ABOUT_RETURN_TYPE = YES_ERROR;
				GCC_WARN_UNDECLARED_SELECTOR = YES;
				GCC_WARN_UNINITIALIZED_AUTOS = YES_AGGRESSIVE;
				GCC_WARN_UNUSED_FUNCTION = YES;
				GCC_WARN_UNUSED_VARIABLE = YES;
				IPHONEOS_DEPLOYMENT_TARGET = 14.0;
				MTL_ENABLE_DEBUG_INFO = NO;
				MTL_FAST_MATH = YES;
				SDKROOT = iphoneos;
				SWIFT_COMPILATION_MODE = wholemodule;
				SWIFT_OPTIMIZATION_LEVEL = "-O";
				VALIDATE_PRODUCT = YES;
			};
			name = Release;
		};
		E7B5769929E47EBE00F01FA8 /* Debug */ = {
			isa = XCBuildConfiguration;
			baseConfigurationReference = 3B7A70221DAD5E86E9EF0066 /* Pods-KinoPoisk.debug.xcconfig */;
			buildSettings = {
				ASSETCATALOG_COMPILER_APPICON_NAME = AppIcon;
				ASSETCATALOG_COMPILER_GLOBAL_ACCENT_COLOR_NAME = AccentColor;
				CODE_SIGN_STYLE = Automatic;
				CURRENT_PROJECT_VERSION = 1;
				DEVELOPMENT_TEAM = ZFRPQ8YP88;
				GENERATE_INFOPLIST_FILE = YES;
				INFOPLIST_FILE = KinoPoisk/App/Info.plist;
				INFOPLIST_KEY_UIApplicationSupportsIndirectInputEvents = YES;
				INFOPLIST_KEY_UILaunchStoryboardName = LaunchScreen;
				INFOPLIST_KEY_UIMainStoryboardFile = Main;
				INFOPLIST_KEY_UISupportedInterfaceOrientations_iPad = "UIInterfaceOrientationPortrait UIInterfaceOrientationPortraitUpsideDown UIInterfaceOrientationLandscapeLeft UIInterfaceOrientationLandscapeRight";
				INFOPLIST_KEY_UISupportedInterfaceOrientations_iPhone = "UIInterfaceOrientationPortrait UIInterfaceOrientationLandscapeLeft UIInterfaceOrientationLandscapeRight";
				LD_RUNPATH_SEARCH_PATHS = (
					"$(inherited)",
					"@executable_path/Frameworks",
				);
				MARKETING_VERSION = 1.0;
				PRODUCT_BUNDLE_IDENTIFIER = com.philippzeppelin.KinoPoisk;
				PRODUCT_NAME = "$(TARGET_NAME)";
				SWIFT_EMIT_LOC_STRINGS = YES;
				SWIFT_VERSION = 5.0;
				TARGETED_DEVICE_FAMILY = "1,2";
			};
			name = Debug;
		};
		E7B5769A29E47EBE00F01FA8 /* Release */ = {
			isa = XCBuildConfiguration;
			baseConfigurationReference = 78991D5A23074CBB3512008E /* Pods-KinoPoisk.release.xcconfig */;
			buildSettings = {
				ASSETCATALOG_COMPILER_APPICON_NAME = AppIcon;
				ASSETCATALOG_COMPILER_GLOBAL_ACCENT_COLOR_NAME = AccentColor;
				CODE_SIGN_STYLE = Automatic;
				CURRENT_PROJECT_VERSION = 1;
				DEVELOPMENT_TEAM = ZFRPQ8YP88;
				GENERATE_INFOPLIST_FILE = YES;
				INFOPLIST_FILE = KinoPoisk/App/Info.plist;
				INFOPLIST_KEY_UIApplicationSupportsIndirectInputEvents = YES;
				INFOPLIST_KEY_UILaunchStoryboardName = LaunchScreen;
				INFOPLIST_KEY_UIMainStoryboardFile = Main;
				INFOPLIST_KEY_UISupportedInterfaceOrientations_iPad = "UIInterfaceOrientationPortrait UIInterfaceOrientationPortraitUpsideDown UIInterfaceOrientationLandscapeLeft UIInterfaceOrientationLandscapeRight";
				INFOPLIST_KEY_UISupportedInterfaceOrientations_iPhone = "UIInterfaceOrientationPortrait UIInterfaceOrientationLandscapeLeft UIInterfaceOrientationLandscapeRight";
				LD_RUNPATH_SEARCH_PATHS = (
					"$(inherited)",
					"@executable_path/Frameworks",
				);
				MARKETING_VERSION = 1.0;
				PRODUCT_BUNDLE_IDENTIFIER = com.philippzeppelin.KinoPoisk;
				PRODUCT_NAME = "$(TARGET_NAME)";
				SWIFT_EMIT_LOC_STRINGS = YES;
				SWIFT_VERSION = 5.0;
				TARGETED_DEVICE_FAMILY = "1,2";
			};
			name = Release;
		};
/* End XCBuildConfiguration section */

/* Begin XCConfigurationList section */
		E7B5767F29E47EBD00F01FA8 /* Build configuration list for PBXProject "KinoPoisk" */ = {
			isa = XCConfigurationList;
			buildConfigurations = (
				E7B5769629E47EBE00F01FA8 /* Debug */,
				E7B5769729E47EBE00F01FA8 /* Release */,
			);
			defaultConfigurationIsVisible = 0;
			defaultConfigurationName = Release;
		};
		E7B5769829E47EBE00F01FA8 /* Build configuration list for PBXNativeTarget "KinoPoisk" */ = {
			isa = XCConfigurationList;
			buildConfigurations = (
				E7B5769929E47EBE00F01FA8 /* Debug */,
				E7B5769A29E47EBE00F01FA8 /* Release */,
			);
			defaultConfigurationIsVisible = 0;
			defaultConfigurationName = Release;
		};
/* End XCConfigurationList section */
	};
	rootObject = E7B5767C29E47EBD00F01FA8 /* Project object */;
}
